// !$*UTF8*$!
{
	archiveVersion = 1;
	classes = {
	};
	objectVersion = 56;
	objects = {

/* Begin PBXBuildFile section */
		1D01562B29CD5290004FE87A /* UserListTest.swift in Sources */ = {isa = PBXBuildFile; fileRef = 1D01561629CD45D5004FE87A /* UserListTest.swift */; };
		1D01563129CD5804004FE87A /* UserDetailTest.swift in Sources */ = {isa = PBXBuildFile; fileRef = 1D01563029CD5804004FE87A /* UserDetailTest.swift */; };
		1D20618429CB4B2300C5E78F /* AppDelegate.swift in Sources */ = {isa = PBXBuildFile; fileRef = 1D20618329CB4B2300C5E78F /* AppDelegate.swift */; };
		1D20618629CB4B2300C5E78F /* SceneDelegate.swift in Sources */ = {isa = PBXBuildFile; fileRef = 1D20618529CB4B2300C5E78F /* SceneDelegate.swift */; };
		1D20618D29CB4B2600C5E78F /* Assets.xcassets in Resources */ = {isa = PBXBuildFile; fileRef = 1D20618C29CB4B2600C5E78F /* Assets.xcassets */; };
		1D20619029CB4B2600C5E78F /* LaunchScreen.storyboard in Resources */ = {isa = PBXBuildFile; fileRef = 1D20618E29CB4B2600C5E78F /* LaunchScreen.storyboard */; };
		1D20619B29CB4B2600C5E78F /* ios_examTests.swift in Sources */ = {isa = PBXBuildFile; fileRef = 1D20619A29CB4B2600C5E78F /* ios_examTests.swift */; };
		1D2061A529CB4B2600C5E78F /* ios_examUITests.swift in Sources */ = {isa = PBXBuildFile; fileRef = 1D2061A429CB4B2600C5E78F /* ios_examUITests.swift */; };
		1D2061A729CB4B2600C5E78F /* ios_examUITestsLaunchTests.swift in Sources */ = {isa = PBXBuildFile; fileRef = 1D2061A629CB4B2600C5E78F /* ios_examUITestsLaunchTests.swift */; };
		D120FC7ED7F8D17FC73FB76B /* Pods_ios_exam.framework in Frameworks */ = {isa = PBXBuildFile; fileRef = C596F143B7D09CF6CEA2A184 /* Pods_ios_exam.framework */; };
		F8B42D3EE5624A7434BD1A16 /* Pods_ios_examTests.framework in Frameworks */ = {isa = PBXBuildFile; fileRef = 98572F9554F05F82D3C9B771 /* Pods_ios_examTests.framework */; };
/* End PBXBuildFile section */

/* Begin PBXContainerItemProxy section */
		1D20619729CB4B2600C5E78F /* PBXContainerItemProxy */ = {
			isa = PBXContainerItemProxy;
			containerPortal = 1D20617829CB4B2300C5E78F /* Project object */;
			proxyType = 1;
			remoteGlobalIDString = 1D20617F29CB4B2300C5E78F;
			remoteInfo = "ios-exam";
		};
		1D2061A129CB4B2600C5E78F /* PBXContainerItemProxy */ = {
			isa = PBXContainerItemProxy;
			containerPortal = 1D20617829CB4B2300C5E78F /* Project object */;
			proxyType = 1;
			remoteGlobalIDString = 1D20617F29CB4B2300C5E78F;
			remoteInfo = "ios-exam";
		};
/* End PBXContainerItemProxy section */

/* Begin PBXFileReference section */
		1D01561629CD45D5004FE87A /* UserListTest.swift */ = {isa = PBXFileReference; lastKnownFileType = sourcecode.swift; path = UserListTest.swift; sourceTree = "<group>"; };
		1D01563029CD5804004FE87A /* UserDetailTest.swift */ = {isa = PBXFileReference; lastKnownFileType = sourcecode.swift; path = UserDetailTest.swift; sourceTree = "<group>"; };
		1D20618029CB4B2300C5E78F /* ios-exam.app */ = {isa = PBXFileReference; explicitFileType = wrapper.application; includeInIndex = 0; path = "ios-exam.app"; sourceTree = BUILT_PRODUCTS_DIR; };
		1D20618329CB4B2300C5E78F /* AppDelegate.swift */ = {isa = PBXFileReference; lastKnownFileType = sourcecode.swift; path = AppDelegate.swift; sourceTree = "<group>"; };
		1D20618529CB4B2300C5E78F /* SceneDelegate.swift */ = {isa = PBXFileReference; lastKnownFileType = sourcecode.swift; path = SceneDelegate.swift; sourceTree = "<group>"; };
		1D20618C29CB4B2600C5E78F /* Assets.xcassets */ = {isa = PBXFileReference; lastKnownFileType = folder.assetcatalog; path = Assets.xcassets; sourceTree = "<group>"; };
		1D20618F29CB4B2600C5E78F /* Base */ = {isa = PBXFileReference; lastKnownFileType = file.storyboard; name = Base; path = Base.lproj/LaunchScreen.storyboard; sourceTree = "<group>"; };
		1D20619129CB4B2600C5E78F /* Info.plist */ = {isa = PBXFileReference; lastKnownFileType = text.plist.xml; path = Info.plist; sourceTree = "<group>"; };
		1D20619629CB4B2600C5E78F /* ios-examTests.xctest */ = {isa = PBXFileReference; explicitFileType = wrapper.cfbundle; includeInIndex = 0; path = "ios-examTests.xctest"; sourceTree = BUILT_PRODUCTS_DIR; };
		1D20619A29CB4B2600C5E78F /* ios_examTests.swift */ = {isa = PBXFileReference; lastKnownFileType = sourcecode.swift; path = ios_examTests.swift; sourceTree = "<group>"; };
		1D2061A029CB4B2600C5E78F /* ios-examUITests.xctest */ = {isa = PBXFileReference; explicitFileType = wrapper.cfbundle; includeInIndex = 0; path = "ios-examUITests.xctest"; sourceTree = BUILT_PRODUCTS_DIR; };
		1D2061A429CB4B2600C5E78F /* ios_examUITests.swift */ = {isa = PBXFileReference; lastKnownFileType = sourcecode.swift; path = ios_examUITests.swift; sourceTree = "<group>"; };
		1D2061A629CB4B2600C5E78F /* ios_examUITestsLaunchTests.swift */ = {isa = PBXFileReference; lastKnownFileType = sourcecode.swift; path = ios_examUITestsLaunchTests.swift; sourceTree = "<group>"; };
		80427CFEF1C29B7205C50EF5 /* Pods-ios-examTests.debug.xcconfig */ = {isa = PBXFileReference; includeInIndex = 1; lastKnownFileType = text.xcconfig; name = "Pods-ios-examTests.debug.xcconfig"; path = "Target Support Files/Pods-ios-examTests/Pods-ios-examTests.debug.xcconfig"; sourceTree = "<group>"; };
		98572F9554F05F82D3C9B771 /* Pods_ios_examTests.framework */ = {isa = PBXFileReference; explicitFileType = wrapper.framework; includeInIndex = 0; path = Pods_ios_examTests.framework; sourceTree = BUILT_PRODUCTS_DIR; };
		A55D67DF57A2F38E8B788B4D /* Pods-ios-exam.debug.xcconfig */ = {isa = PBXFileReference; includeInIndex = 1; lastKnownFileType = text.xcconfig; name = "Pods-ios-exam.debug.xcconfig"; path = "Target Support Files/Pods-ios-exam/Pods-ios-exam.debug.xcconfig"; sourceTree = "<group>"; };
		AECBBF4C5B84772224DE1874 /* Pods-ios-examTests.release.xcconfig */ = {isa = PBXFileReference; includeInIndex = 1; lastKnownFileType = text.xcconfig; name = "Pods-ios-examTests.release.xcconfig"; path = "Target Support Files/Pods-ios-examTests/Pods-ios-examTests.release.xcconfig"; sourceTree = "<group>"; };
		C596F143B7D09CF6CEA2A184 /* Pods_ios_exam.framework */ = {isa = PBXFileReference; explicitFileType = wrapper.framework; includeInIndex = 0; path = Pods_ios_exam.framework; sourceTree = BUILT_PRODUCTS_DIR; };
		D8CD2962B0201FC17980A24F /* Pods-ios-exam.release.xcconfig */ = {isa = PBXFileReference; includeInIndex = 1; lastKnownFileType = text.xcconfig; name = "Pods-ios-exam.release.xcconfig"; path = "Target Support Files/Pods-ios-exam/Pods-ios-exam.release.xcconfig"; sourceTree = "<group>"; };
/* End PBXFileReference section */

/* Begin PBXFrameworksBuildPhase section */
		1D20617D29CB4B2300C5E78F /* Frameworks */ = {
			isa = PBXFrameworksBuildPhase;
			buildActionMask = 2147483647;
			files = (
				D120FC7ED7F8D17FC73FB76B /* Pods_ios_exam.framework in Frameworks */,
			);
			runOnlyForDeploymentPostprocessing = 0;
		};
		1D20619329CB4B2600C5E78F /* Frameworks */ = {
			isa = PBXFrameworksBuildPhase;
			buildActionMask = 2147483647;
			files = (
				F8B42D3EE5624A7434BD1A16 /* Pods_ios_examTests.framework in Frameworks */,
			);
			runOnlyForDeploymentPostprocessing = 0;
		};
		1D20619D29CB4B2600C5E78F /* Frameworks */ = {
			isa = PBXFrameworksBuildPhase;
			buildActionMask = 2147483647;
			files = (
			);
			runOnlyForDeploymentPostprocessing = 0;
		};
/* End PBXFrameworksBuildPhase section */

/* Begin PBXGroup section */
		1D20617729CB4B2300C5E78F = {
			isa = PBXGroup;
			children = (
				1D20618229CB4B2300C5E78F /* ios-exam */,
				1D20619929CB4B2600C5E78F /* ios-examTests */,
				1D2061A329CB4B2600C5E78F /* ios-examUITests */,
				1D20618129CB4B2300C5E78F /* Products */,
				E1294C8CFD42A5ED1636DAD0 /* Pods */,
				55129365F689BF2B5D4DD8B6 /* Frameworks */,
			);
			sourceTree = "<group>";
		};
		1D20618129CB4B2300C5E78F /* Products */ = {
			isa = PBXGroup;
			children = (
				1D20618029CB4B2300C5E78F /* ios-exam.app */,
				1D20619629CB4B2600C5E78F /* ios-examTests.xctest */,
				1D2061A029CB4B2600C5E78F /* ios-examUITests.xctest */,
			);
			name = Products;
			sourceTree = "<group>";
		};
		1D20618229CB4B2300C5E78F /* ios-exam */ = {
			isa = PBXGroup;
			children = (
				1D20618329CB4B2300C5E78F /* AppDelegate.swift */,
				1D20618529CB4B2300C5E78F /* SceneDelegate.swift */,
				1D20618C29CB4B2600C5E78F /* Assets.xcassets */,
				1D20618E29CB4B2600C5E78F /* LaunchScreen.storyboard */,
				1D20619129CB4B2600C5E78F /* Info.plist */,
			);
			path = "ios-exam";
			sourceTree = "<group>";
		};
		1D20619929CB4B2600C5E78F /* ios-examTests */ = {
			isa = PBXGroup;
			children = (
				1D20619A29CB4B2600C5E78F /* ios_examTests.swift */,
				1D01561629CD45D5004FE87A /* UserListTest.swift */,
				1D01563029CD5804004FE87A /* UserDetailTest.swift */,
			);
			path = "ios-examTests";
			sourceTree = "<group>";
		};
		1D2061A329CB4B2600C5E78F /* ios-examUITests */ = {
			isa = PBXGroup;
			children = (
				1D2061A429CB4B2600C5E78F /* ios_examUITests.swift */,
				1D2061A629CB4B2600C5E78F /* ios_examUITestsLaunchTests.swift */,
			);
			path = "ios-examUITests";
			sourceTree = "<group>";
		};
		55129365F689BF2B5D4DD8B6 /* Frameworks */ = {
			isa = PBXGroup;
			children = (
				C596F143B7D09CF6CEA2A184 /* Pods_ios_exam.framework */,
				98572F9554F05F82D3C9B771 /* Pods_ios_examTests.framework */,
			);
			name = Frameworks;
			sourceTree = "<group>";
		};
		E1294C8CFD42A5ED1636DAD0 /* Pods */ = {
			isa = PBXGroup;
			children = (
				A55D67DF57A2F38E8B788B4D /* Pods-ios-exam.debug.xcconfig */,
				D8CD2962B0201FC17980A24F /* Pods-ios-exam.release.xcconfig */,
				80427CFEF1C29B7205C50EF5 /* Pods-ios-examTests.debug.xcconfig */,
				AECBBF4C5B84772224DE1874 /* Pods-ios-examTests.release.xcconfig */,
			);
			path = Pods;
			sourceTree = "<group>";
		};
/* End PBXGroup section */

/* Begin PBXNativeTarget section */
		1D20617F29CB4B2300C5E78F /* ios-exam */ = {
			isa = PBXNativeTarget;
			buildConfigurationList = 1D2061AA29CB4B2600C5E78F /* Build configuration list for PBXNativeTarget "ios-exam" */;
			buildPhases = (
				8A023565973A8408561817F0 /* [CP] Check Pods Manifest.lock */,
				1D20617C29CB4B2300C5E78F /* Sources */,
				1D20617D29CB4B2300C5E78F /* Frameworks */,
				1D20617E29CB4B2300C5E78F /* Resources */,
				5C50BA500E7F2CC963420AEF /* [CP] Embed Pods Frameworks */,
			);
			buildRules = (
			);
			dependencies = (
			);
			name = "ios-exam";
			productName = "ios-exam";
			productReference = 1D20618029CB4B2300C5E78F /* ios-exam.app */;
			productType = "com.apple.product-type.application";
		};
		1D20619529CB4B2600C5E78F /* ios-examTests */ = {
			isa = PBXNativeTarget;
			buildConfigurationList = 1D2061AD29CB4B2600C5E78F /* Build configuration list for PBXNativeTarget "ios-examTests" */;
			buildPhases = (
				6B16EF0C258E0D8B5AC1DA2F /* [CP] Check Pods Manifest.lock */,
				1D20619229CB4B2600C5E78F /* Sources */,
				1D20619329CB4B2600C5E78F /* Frameworks */,
				1D20619429CB4B2600C5E78F /* Resources */,
			);
			buildRules = (
			);
			dependencies = (
				1D20619829CB4B2600C5E78F /* PBXTargetDependency */,
			);
			name = "ios-examTests";
			productName = "ios-examTests";
			productReference = 1D20619629CB4B2600C5E78F /* ios-examTests.xctest */;
			productType = "com.apple.product-type.bundle.unit-test";
		};
		1D20619F29CB4B2600C5E78F /* ios-examUITests */ = {
			isa = PBXNativeTarget;
			buildConfigurationList = 1D2061B029CB4B2600C5E78F /* Build configuration list for PBXNativeTarget "ios-examUITests" */;
			buildPhases = (
				1D20619C29CB4B2600C5E78F /* Sources */,
				1D20619D29CB4B2600C5E78F /* Frameworks */,
				1D20619E29CB4B2600C5E78F /* Resources */,
			);
			buildRules = (
			);
			dependencies = (
				1D2061A229CB4B2600C5E78F /* PBXTargetDependency */,
			);
			name = "ios-examUITests";
			productName = "ios-examUITests";
			productReference = 1D2061A029CB4B2600C5E78F /* ios-examUITests.xctest */;
			productType = "com.apple.product-type.bundle.ui-testing";
		};
/* End PBXNativeTarget section */

/* Begin PBXProject section */
		1D20617829CB4B2300C5E78F /* Project object */ = {
			isa = PBXProject;
			attributes = {
				BuildIndependentTargetsInParallel = 1;
				LastSwiftUpdateCheck = 1420;
				LastUpgradeCheck = 1420;
				TargetAttributes = {
					1D20617F29CB4B2300C5E78F = {
						CreatedOnToolsVersion = 14.2;
					};
					1D20619529CB4B2600C5E78F = {
						CreatedOnToolsVersion = 14.2;
						TestTargetID = 1D20617F29CB4B2300C5E78F;
					};
					1D20619F29CB4B2600C5E78F = {
						CreatedOnToolsVersion = 14.2;
						TestTargetID = 1D20617F29CB4B2300C5E78F;
					};
				};
			};
			buildConfigurationList = 1D20617B29CB4B2300C5E78F /* Build configuration list for PBXProject "ios-exam" */;
			compatibilityVersion = "Xcode 14.0";
			developmentRegion = en;
			hasScannedForEncodings = 0;
			knownRegions = (
				en,
				Base,
			);
			mainGroup = 1D20617729CB4B2300C5E78F;
			productRefGroup = 1D20618129CB4B2300C5E78F /* Products */;
			projectDirPath = "";
			projectRoot = "";
			targets = (
				1D20617F29CB4B2300C5E78F /* ios-exam */,
				1D20619529CB4B2600C5E78F /* ios-examTests */,
				1D20619F29CB4B2600C5E78F /* ios-examUITests */,
			);
		};
/* End PBXProject section */

/* Begin PBXResourcesBuildPhase section */
		1D20617E29CB4B2300C5E78F /* Resources */ = {
			isa = PBXResourcesBuildPhase;
			buildActionMask = 2147483647;
			files = (
				1D20619029CB4B2600C5E78F /* LaunchScreen.storyboard in Resources */,
				1D20618D29CB4B2600C5E78F /* Assets.xcassets in Resources */,
			);
			runOnlyForDeploymentPostprocessing = 0;
		};
		1D20619429CB4B2600C5E78F /* Resources */ = {
			isa = PBXResourcesBuildPhase;
			buildActionMask = 2147483647;
			files = (
			);
			runOnlyForDeploymentPostprocessing = 0;
		};
		1D20619E29CB4B2600C5E78F /* Resources */ = {
			isa = PBXResourcesBuildPhase;
			buildActionMask = 2147483647;
			files = (
			);
			runOnlyForDeploymentPostprocessing = 0;
		};
/* End PBXResourcesBuildPhase section */

/* Begin PBXShellScriptBuildPhase section */
		5C50BA500E7F2CC963420AEF /* [CP] Embed Pods Frameworks */ = {
			isa = PBXShellScriptBuildPhase;
			buildActionMask = 2147483647;
			files = (
			);
			inputFileListPaths = (
				"${PODS_ROOT}/Target Support Files/Pods-ios-exam/Pods-ios-exam-frameworks-${CONFIGURATION}-input-files.xcfilelist",
			);
			name = "[CP] Embed Pods Frameworks";
			outputFileListPaths = (
				"${PODS_ROOT}/Target Support Files/Pods-ios-exam/Pods-ios-exam-frameworks-${CONFIGURATION}-output-files.xcfilelist",
			);
			runOnlyForDeploymentPostprocessing = 0;
			shellPath = /bin/sh;
			shellScript = "\"${PODS_ROOT}/Target Support Files/Pods-ios-exam/Pods-ios-exam-frameworks.sh\"\n";
			showEnvVarsInLog = 0;
		};
		6B16EF0C258E0D8B5AC1DA2F /* [CP] Check Pods Manifest.lock */ = {
			isa = PBXShellScriptBuildPhase;
			buildActionMask = 2147483647;
			files = (
			);
			inputFileListPaths = (
			);
			inputPaths = (
				"${PODS_PODFILE_DIR_PATH}/Podfile.lock",
				"${PODS_ROOT}/Manifest.lock",
			);
			name = "[CP] Check Pods Manifest.lock";
			outputFileListPaths = (
			);
			outputPaths = (
				"$(DERIVED_FILE_DIR)/Pods-ios-examTests-checkManifestLockResult.txt",
			);
			runOnlyForDeploymentPostprocessing = 0;
			shellPath = /bin/sh;
			shellScript = "diff \"${PODS_PODFILE_DIR_PATH}/Podfile.lock\" \"${PODS_ROOT}/Manifest.lock\" > /dev/null\nif [ $? != 0 ] ; then\n    # print error to STDERR\n    echo \"error: The sandbox is not in sync with the Podfile.lock. Run 'pod install' or update your CocoaPods installation.\" >&2\n    exit 1\nfi\n# This output is used by Xcode 'outputs' to avoid re-running this script phase.\necho \"SUCCESS\" > \"${SCRIPT_OUTPUT_FILE_0}\"\n";
			showEnvVarsInLog = 0;
		};
		8A023565973A8408561817F0 /* [CP] Check Pods Manifest.lock */ = {
			isa = PBXShellScriptBuildPhase;
			buildActionMask = 2147483647;
			files = (
			);
			inputFileListPaths = (
			);
			inputPaths = (
				"${PODS_PODFILE_DIR_PATH}/Podfile.lock",
				"${PODS_ROOT}/Manifest.lock",
			);
			name = "[CP] Check Pods Manifest.lock";
			outputFileListPaths = (
			);
			outputPaths = (
				"$(DERIVED_FILE_DIR)/Pods-ios-exam-checkManifestLockResult.txt",
			);
			runOnlyForDeploymentPostprocessing = 0;
			shellPath = /bin/sh;
			shellScript = "diff \"${PODS_PODFILE_DIR_PATH}/Podfile.lock\" \"${PODS_ROOT}/Manifest.lock\" > /dev/null\nif [ $? != 0 ] ; then\n    # print error to STDERR\n    echo \"error: The sandbox is not in sync with the Podfile.lock. Run 'pod install' or update your CocoaPods installation.\" >&2\n    exit 1\nfi\n# This output is used by Xcode 'outputs' to avoid re-running this script phase.\necho \"SUCCESS\" > \"${SCRIPT_OUTPUT_FILE_0}\"\n";
			showEnvVarsInLog = 0;
		};
/* End PBXShellScriptBuildPhase section */

/* Begin PBXSourcesBuildPhase section */
		1D20617C29CB4B2300C5E78F /* Sources */ = {
			isa = PBXSourcesBuildPhase;
			buildActionMask = 2147483647;
			files = (
				1D20618429CB4B2300C5E78F /* AppDelegate.swift in Sources */,
				1D20618629CB4B2300C5E78F /* SceneDelegate.swift in Sources */,
			);
			runOnlyForDeploymentPostprocessing = 0;
		};
		1D20619229CB4B2600C5E78F /* Sources */ = {
			isa = PBXSourcesBuildPhase;
			buildActionMask = 2147483647;
			files = (
				1D01562B29CD5290004FE87A /* UserListTest.swift in Sources */,
				1D01563129CD5804004FE87A /* UserDetailTest.swift in Sources */,
				1D20619B29CB4B2600C5E78F /* ios_examTests.swift in Sources */,
			);
			runOnlyForDeploymentPostprocessing = 0;
		};
		1D20619C29CB4B2600C5E78F /* Sources */ = {
			isa = PBXSourcesBuildPhase;
			buildActionMask = 2147483647;
			files = (
				1D2061A729CB4B2600C5E78F /* ios_examUITestsLaunchTests.swift in Sources */,
				1D2061A529CB4B2600C5E78F /* ios_examUITests.swift in Sources */,
			);
			runOnlyForDeploymentPostprocessing = 0;
		};
/* End PBXSourcesBuildPhase section */

/* Begin PBXTargetDependency section */
		1D20619829CB4B2600C5E78F /* PBXTargetDependency */ = {
			isa = PBXTargetDependency;
			target = 1D20617F29CB4B2300C5E78F /* ios-exam */;
			targetProxy = 1D20619729CB4B2600C5E78F /* PBXContainerItemProxy */;
		};
		1D2061A229CB4B2600C5E78F /* PBXTargetDependency */ = {
			isa = PBXTargetDependency;
			target = 1D20617F29CB4B2300C5E78F /* ios-exam */;
			targetProxy = 1D2061A129CB4B2600C5E78F /* PBXContainerItemProxy */;
		};
/* End PBXTargetDependency section */

/* Begin PBXVariantGroup section */
		1D20618E29CB4B2600C5E78F /* LaunchScreen.storyboard */ = {
			isa = PBXVariantGroup;
			children = (
				1D20618F29CB4B2600C5E78F /* Base */,
			);
			name = LaunchScreen.storyboard;
			sourceTree = "<group>";
		};
/* End PBXVariantGroup section */

/* Begin XCBuildConfiguration section */
		1D2061A829CB4B2600C5E78F /* Debug */ = {
			isa = XCBuildConfiguration;
			buildSettings = {
				ALWAYS_SEARCH_USER_PATHS = NO;
				CLANG_ANALYZER_NONNULL = YES;
				CLANG_ANALYZER_NUMBER_OBJECT_CONVERSION = YES_AGGRESSIVE;
				CLANG_CXX_LANGUAGE_STANDARD = "gnu++20";
				CLANG_ENABLE_MODULES = YES;
				CLANG_ENABLE_OBJC_ARC = YES;
				CLANG_ENABLE_OBJC_WEAK = YES;
				CLANG_WARN_BLOCK_CAPTURE_AUTORELEASING = YES;
				CLANG_WARN_BOOL_CONVERSION = YES;
				CLANG_WARN_COMMA = YES;
				CLANG_WARN_CONSTANT_CONVERSION = YES;
				CLANG_WARN_DEPRECATED_OBJC_IMPLEMENTATIONS = YES;
				CLANG_WARN_DIRECT_OBJC_ISA_USAGE = YES_ERROR;
				CLANG_WARN_DOCUMENTATION_COMMENTS = YES;
				CLANG_WARN_EMPTY_BODY = YES;
				CLANG_WARN_ENUM_CONVERSION = YES;
				CLANG_WARN_INFINITE_RECURSION = YES;
				CLANG_WARN_INT_CONVERSION = YES;
				CLANG_WARN_NON_LITERAL_NULL_CONVERSION = YES;
				CLANG_WARN_OBJC_IMPLICIT_RETAIN_SELF = YES;
				CLANG_WARN_OBJC_LITERAL_CONVERSION = YES;
				CLANG_WARN_OBJC_ROOT_CLASS = YES_ERROR;
				CLANG_WARN_QUOTED_INCLUDE_IN_FRAMEWORK_HEADER = YES;
				CLANG_WARN_RANGE_LOOP_ANALYSIS = YES;
				CLANG_WARN_STRICT_PROTOTYPES = YES;
				CLANG_WARN_SUSPICIOUS_MOVE = YES;
				CLANG_WARN_UNGUARDED_AVAILABILITY = YES_AGGRESSIVE;
				CLANG_WARN_UNREACHABLE_CODE = YES;
				CLANG_WARN__DUPLICATE_METHOD_MATCH = YES;
				COPY_PHASE_STRIP = NO;
				DEBUG_INFORMATION_FORMAT = dwarf;
				ENABLE_STRICT_OBJC_MSGSEND = YES;
				ENABLE_TESTABILITY = YES;
				GCC_C_LANGUAGE_STANDARD = gnu11;
				GCC_DYNAMIC_NO_PIC = NO;
				GCC_NO_COMMON_BLOCKS = YES;
				GCC_OPTIMIZATION_LEVEL = 0;
				GCC_PREPROCESSOR_DEFINITIONS = (
					"DEBUG=1",
					"$(inherited)",
				);
				GCC_WARN_64_TO_32_BIT_CONVERSION = YES;
				GCC_WARN_ABOUT_RETURN_TYPE = YES_ERROR;
				GCC_WARN_UNDECLARED_SELECTOR = YES;
				GCC_WARN_UNINITIALIZED_AUTOS = YES_AGGRESSIVE;
				GCC_WARN_UNUSED_FUNCTION = YES;
				GCC_WARN_UNUSED_VARIABLE = YES;
				IPHONEOS_DEPLOYMENT_TARGET = 13.0;
				MTL_ENABLE_DEBUG_INFO = INCLUDE_SOURCE;
				MTL_FAST_MATH = YES;
				ONLY_ACTIVE_ARCH = YES;
				SDKROOT = iphoneos;
				SWIFT_ACTIVE_COMPILATION_CONDITIONS = DEBUG;
				SWIFT_OPTIMIZATION_LEVEL = "-Onone";
			};
			name = Debug;
		};
		1D2061A929CB4B2600C5E78F /* Release */ = {
			isa = XCBuildConfiguration;
			buildSettings = {
				ALWAYS_SEARCH_USER_PATHS = NO;
				CLANG_ANALYZER_NONNULL = YES;
				CLANG_ANALYZER_NUMBER_OBJECT_CONVERSION = YES_AGGRESSIVE;
				CLANG_CXX_LANGUAGE_STANDARD = "gnu++20";
				CLANG_ENABLE_MODULES = YES;
				CLANG_ENABLE_OBJC_ARC = YES;
				CLANG_ENABLE_OBJC_WEAK = YES;
				CLANG_WARN_BLOCK_CAPTURE_AUTORELEASING = YES;
				CLANG_WARN_BOOL_CONVERSION = YES;
				CLANG_WARN_COMMA = YES;
				CLANG_WARN_CONSTANT_CONVERSION = YES;
				CLANG_WARN_DEPRECATED_OBJC_IMPLEMENTATIONS = YES;
				CLANG_WARN_DIRECT_OBJC_ISA_USAGE = YES_ERROR;
				CLANG_WARN_DOCUMENTATION_COMMENTS = YES;
				CLANG_WARN_EMPTY_BODY = YES;
				CLANG_WARN_ENUM_CONVERSION = YES;
				CLANG_WARN_INFINITE_RECURSION = YES;
				CLANG_WARN_INT_CONVERSION = YES;
				CLANG_WARN_NON_LITERAL_NULL_CONVERSION = YES;
				CLANG_WARN_OBJC_IMPLICIT_RETAIN_SELF = YES;
				CLANG_WARN_OBJC_LITERAL_CONVERSION = YES;
				CLANG_WARN_OBJC_ROOT_CLASS = YES_ERROR;
				CLANG_WARN_QUOTED_INCLUDE_IN_FRAMEWORK_HEADER = YES;
				CLANG_WARN_RANGE_LOOP_ANALYSIS = YES;
				CLANG_WARN_STRICT_PROTOTYPES = YES;
				CLANG_WARN_SUSPICIOUS_MOVE = YES;
				CLANG_WARN_UNGUARDED_AVAILABILITY = YES_AGGRESSIVE;
				CLANG_WARN_UNREACHABLE_CODE = YES;
				CLANG_WARN__DUPLICATE_METHOD_MATCH = YES;
				COPY_PHASE_STRIP = NO;
				DEBUG_INFORMATION_FORMAT = "dwarf-with-dsym";
				ENABLE_NS_ASSERTIONS = NO;
				ENABLE_STRICT_OBJC_MSGSEND = YES;
				GCC_C_LANGUAGE_STANDARD = gnu11;
				GCC_NO_COMMON_BLOCKS = YES;
				GCC_WARN_64_TO_32_BIT_CONVERSION = YES;
				GCC_WARN_ABOUT_RETURN_TYPE = YES_ERROR;
				GCC_WARN_UNDECLARED_SELECTOR = YES;
				GCC_WARN_UNINITIALIZED_AUTOS = YES_AGGRESSIVE;
				GCC_WARN_UNUSED_FUNCTION = YES;
				GCC_WARN_UNUSED_VARIABLE = YES;
				IPHONEOS_DEPLOYMENT_TARGET = 13.0;
				MTL_ENABLE_DEBUG_INFO = NO;
				MTL_FAST_MATH = YES;
				SDKROOT = iphoneos;
				SWIFT_COMPILATION_MODE = wholemodule;
				SWIFT_OPTIMIZATION_LEVEL = "-O";
				VALIDATE_PRODUCT = YES;
			};
			name = Release;
		};
		1D2061AB29CB4B2600C5E78F /* Debug */ = {
			isa = XCBuildConfiguration;
			baseConfigurationReference = A55D67DF57A2F38E8B788B4D /* Pods-ios-exam.debug.xcconfig */;
			buildSettings = {
				ASSETCATALOG_COMPILER_APPICON_NAME = AppIcon;
				ASSETCATALOG_COMPILER_GLOBAL_ACCENT_COLOR_NAME = AccentColor;
				CODE_SIGN_STYLE = Automatic;
				CURRENT_PROJECT_VERSION = 1;
				GENERATE_INFOPLIST_FILE = YES;
				INFOPLIST_FILE = "ios-exam/Info.plist";
				INFOPLIST_KEY_UIApplicationSupportsIndirectInputEvents = YES;
				INFOPLIST_KEY_UILaunchStoryboardName = LaunchScreen;
				INFOPLIST_KEY_UISupportedInterfaceOrientations_iPad = "UIInterfaceOrientationPortrait UIInterfaceOrientationPortraitUpsideDown UIInterfaceOrientationLandscapeLeft UIInterfaceOrientationLandscapeRight";
				INFOPLIST_KEY_UISupportedInterfaceOrientations_iPhone = "UIInterfaceOrientationPortrait UIInterfaceOrientationLandscapeLeft UIInterfaceOrientationLandscapeRight";
				IPHONEOS_DEPLOYMENT_TARGET = 13.0;
				LD_RUNPATH_SEARCH_PATHS = (
					"$(inherited)",
					"@executable_path/Frameworks",
				);
				MARKETING_VERSION = 1.0;
				PRODUCT_BUNDLE_IDENTIFIER = "exam.ios-exam";
				PRODUCT_NAME = "$(TARGET_NAME)";
				SWIFT_EMIT_LOC_STRINGS = YES;
				SWIFT_VERSION = 5.0;
				TARGETED_DEVICE_FAMILY = "1,2";
			};
			name = Debug;
		};
		1D2061AC29CB4B2600C5E78F /* Release */ = {
			isa = XCBuildConfiguration;
			baseConfigurationReference = D8CD2962B0201FC17980A24F /* Pods-ios-exam.release.xcconfig */;
			buildSettings = {
				ASSETCATALOG_COMPILER_APPICON_NAME = AppIcon;
				ASSETCATALOG_COMPILER_GLOBAL_ACCENT_COLOR_NAME = AccentColor;
				CODE_SIGN_STYLE = Automatic;
				CURRENT_PROJECT_VERSION = 1;
				GENERATE_INFOPLIST_FILE = YES;
				INFOPLIST_FILE = "ios-exam/Info.plist";
				INFOPLIST_KEY_UIApplicationSupportsIndirectInputEvents = YES;
				INFOPLIST_KEY_UILaunchStoryboardName = LaunchScreen;
				INFOPLIST_KEY_UISupportedInterfaceOrientations_iPad = "UIInterfaceOrientationPortrait UIInterfaceOrientationPortraitUpsideDown UIInterfaceOrientationLandscapeLeft UIInterfaceOrientationLandscapeRight";
				INFOPLIST_KEY_UISupportedInterfaceOrientations_iPhone = "UIInterfaceOrientationPortrait UIInterfaceOrientationLandscapeLeft UIInterfaceOrientationLandscapeRight";
				IPHONEOS_DEPLOYMENT_TARGET = 13.0;
				LD_RUNPATH_SEARCH_PATHS = (
					"$(inherited)",
					"@executable_path/Frameworks",
				);
				MARKETING_VERSION = 1.0;
				PRODUCT_BUNDLE_IDENTIFIER = "exam.ios-exam";
				PRODUCT_NAME = "$(TARGET_NAME)";
				SWIFT_EMIT_LOC_STRINGS = YES;
				SWIFT_VERSION = 5.0;
				TARGETED_DEVICE_FAMILY = "1,2";
			};
			name = Release;
		};
		1D2061AE29CB4B2600C5E78F /* Debug */ = {
			isa = XCBuildConfiguration;
			baseConfigurationReference = 80427CFEF1C29B7205C50EF5 /* Pods-ios-examTests.debug.xcconfig */;
			buildSettings = {
				ALWAYS_EMBED_SWIFT_STANDARD_LIBRARIES = YES;
				BUNDLE_LOADER = "$(TEST_HOST)";
				CODE_SIGN_STYLE = Automatic;
				CURRENT_PROJECT_VERSION = 1;
				GENERATE_INFOPLIST_FILE = YES;
				IPHONEOS_DEPLOYMENT_TARGET = 16.2;
				MARKETING_VERSION = 1.0;
				PRODUCT_BUNDLE_IDENTIFIER = "exam.ios-examTests";
				PRODUCT_NAME = "$(TARGET_NAME)";
				SWIFT_EMIT_LOC_STRINGS = NO;
				SWIFT_VERSION = 5.0;
				TARGETED_DEVICE_FAMILY = "1,2";
				TEST_HOST = "$(BUILT_PRODUCTS_DIR)/ios-exam.app/$(BUNDLE_EXECUTABLE_FOLDER_PATH)/ios-exam";
			};
			name = Debug;
		};
		1D2061AF29CB4B2600C5E78F /* Release */ = {
			isa = XCBuildConfiguration;
			baseConfigurationReference = AECBBF4C5B84772224DE1874 /* Pods-ios-examTests.release.xcconfig */;
			buildSettings = {
				ALWAYS_EMBED_SWIFT_STANDARD_LIBRARIES = YES;
				BUNDLE_LOADER = "$(TEST_HOST)";
				CODE_SIGN_STYLE = Automatic;
				CURRENT_PROJECT_VERSION = 1;
				GENERATE_INFOPLIST_FILE = YES;
				IPHONEOS_DEPLOYMENT_TARGET = 16.2;
				MARKETING_VERSION = 1.0;
				PRODUCT_BUNDLE_IDENTIFIER = "exam.ios-examTests";
				PRODUCT_NAME = "$(TARGET_NAME)";
				SWIFT_EMIT_LOC_STRINGS = NO;
				SWIFT_VERSION = 5.0;
				TARGETED_DEVICE_FAMILY = "1,2";
				TEST_HOST = "$(BUILT_PRODUCTS_DIR)/ios-exam.app/$(BUNDLE_EXECUTABLE_FOLDER_PATH)/ios-exam";
			};
			name = Release;
		};
		1D2061B129CB4B2600C5E78F /* Debug */ = {
			isa = XCBuildConfiguration;
			buildSettings = {
				ALWAYS_EMBED_SWIFT_STANDARD_LIBRARIES = YES;
				CODE_SIGN_STYLE = Automatic;
				CURRENT_PROJECT_VERSION = 1;
				GENERATE_INFOPLIST_FILE = YES;
				MARKETING_VERSION = 1.0;
				PRODUCT_BUNDLE_IDENTIFIER = "exam.ios-examUITests";
				PRODUCT_NAME = "$(TARGET_NAME)";
				SWIFT_EMIT_LOC_STRINGS = NO;
				SWIFT_VERSION = 5.0;
				TARGETED_DEVICE_FAMILY = "1,2";
				TEST_TARGET_NAME = "ios-exam";
			};
			name = Debug;
		};
		1D2061B229CB4B2600C5E78F /* Release */ = {
			isa = XCBuildConfiguration;
			buildSettings = {
				ALWAYS_EMBED_SWIFT_STANDARD_LIBRARIES = YES;
				CODE_SIGN_STYLE = Automatic;
				CURRENT_PROJECT_VERSION = 1;
				GENERATE_INFOPLIST_FILE = YES;
				MARKETING_VERSION = 1.0;
				PRODUCT_BUNDLE_IDENTIFIER = "exam.ios-examUITests";
				PRODUCT_NAME = "$(TARGET_NAME)";
				SWIFT_EMIT_LOC_STRINGS = NO;
				SWIFT_VERSION = 5.0;
				TARGETED_DEVICE_FAMILY = "1,2";
				TEST_TARGET_NAME = "ios-exam";
			};
			name = Release;
		};
/* End XCBuildConfiguration section */

/* Begin XCConfigurationList section */
		1D20617B29CB4B2300C5E78F /* Build configuration list for PBXProject "ios-exam" */ = {
			isa = XCConfigurationList;
			buildConfigurations = (
				1D2061A829CB4B2600C5E78F /* Debug */,
				1D2061A929CB4B2600C5E78F /* Release */,
			);
			defaultConfigurationIsVisible = 0;
			defaultConfigurationName = Release;
		};
		1D2061AA29CB4B2600C5E78F /* Build configuration list for PBXNativeTarget "ios-exam" */ = {
			isa = XCConfigurationList;
			buildConfigurations = (
				1D2061AB29CB4B2600C5E78F /* Debug */,
				1D2061AC29CB4B2600C5E78F /* Release */,
			);
			defaultConfigurationIsVisible = 0;
			defaultConfigurationName = Release;
		};
		1D2061AD29CB4B2600C5E78F /* Build configuration list for PBXNativeTarget "ios-examTests" */ = {
			isa = XCConfigurationList;
			buildConfigurations = (
				1D2061AE29CB4B2600C5E78F /* Debug */,
				1D2061AF29CB4B2600C5E78F /* Release */,
			);
			defaultConfigurationIsVisible = 0;
			defaultConfigurationName = Release;
		};
		1D2061B029CB4B2600C5E78F /* Build configuration list for PBXNativeTarget "ios-examUITests" */ = {
			isa = XCConfigurationList;
			buildConfigurations = (
				1D2061B129CB4B2600C5E78F /* Debug */,
				1D2061B229CB4B2600C5E78F /* Release */,
			);
			defaultConfigurationIsVisible = 0;
			defaultConfigurationName = Release;
		};
/* End XCConfigurationList section */
	};
	rootObject = 1D20617829CB4B2300C5E78F /* Project object */;
}
